// !$*UTF8*$!
{
	archiveVersion = 1;
	classes = {
	};
	objectVersion = 50;
	objects = {

/* Begin PBXBuildFile section */
		27309D53265EE8A00028A989 /* AppDelegate.swift in Sources */ = {isa = PBXBuildFile; fileRef = 27309D52265EE8A00028A989 /* AppDelegate.swift */; };
		27309D55265EE8A00028A989 /* SceneDelegate.swift in Sources */ = {isa = PBXBuildFile; fileRef = 27309D54265EE8A00028A989 /* SceneDelegate.swift */; };
		27309D57265EE8A00028A989 /* ViewController.swift in Sources */ = {isa = PBXBuildFile; fileRef = 27309D56265EE8A00028A989 /* ViewController.swift */; };
		27309D5A265EE8A00028A989 /* Main.storyboard in Resources */ = {isa = PBXBuildFile; fileRef = 27309D58265EE8A00028A989 /* Main.storyboard */; };
		27309D5C265EE8A10028A989 /* Assets.xcassets in Resources */ = {isa = PBXBuildFile; fileRef = 27309D5B265EE8A10028A989 /* Assets.xcassets */; };
		27309D5F265EE8A10028A989 /* LaunchScreen.storyboard in Resources */ = {isa = PBXBuildFile; fileRef = 27309D5D265EE8A10028A989 /* LaunchScreen.storyboard */; };
		27309D67265EEC0F0028A989 /* GoogleMapsBase.framework in Frameworks */ = {isa = PBXBuildFile; fileRef = 27309D66265EEC0F0028A989 /* GoogleMapsBase.framework */; };
		27309D69265EEC140028A989 /* GoogleMaps.framework in Frameworks */ = {isa = PBXBuildFile; fileRef = 27309D68265EEC140028A989 /* GoogleMaps.framework */; };
		27309D6B265EEC1A0028A989 /* GoogleMapsCore.framework in Frameworks */ = {isa = PBXBuildFile; fileRef = 27309D6A265EEC1A0028A989 /* GoogleMapsCore.framework */; };
		27309D6D265EEC2A0028A989 /* GoogleMaps.bundle in Resources */ = {isa = PBXBuildFile; fileRef = 27309D6C265EEC2A0028A989 /* GoogleMaps.bundle */; };
		27309D70265EEC570028A989 /* libc++.tbd in Frameworks */ = {isa = PBXBuildFile; fileRef = 27309D6F265EEC570028A989 /* libc++.tbd */; };
		27309D72265EEC5E0028A989 /* libz.tbd in Frameworks */ = {isa = PBXBuildFile; fileRef = 27309D71265EEC5E0028A989 /* libz.tbd */; };
		27309D74265EEC980028A989 /* SystemConfiguration.framework in Frameworks */ = {isa = PBXBuildFile; fileRef = 27309D73265EEC980028A989 /* SystemConfiguration.framework */; };
		27309D76265EECBD0028A989 /* CoreLocation.framework in Frameworks */ = {isa = PBXBuildFile; fileRef = 27309D75265EECBD0028A989 /* CoreLocation.framework */; };
		27309D78265EECC30028A989 /* CoreTelephony.framework in Frameworks */ = {isa = PBXBuildFile; fileRef = 27309D77265EECC30028A989 /* CoreTelephony.framework */; };
		27309D7A265EECD80028A989 /* CoreData.framework in Frameworks */ = {isa = PBXBuildFile; fileRef = 27309D79265EECD80028A989 /* CoreData.framework */; };
/* End PBXBuildFile section */

/* Begin PBXFileReference section */
		27309D4F265EE8A00028A989 /* GoogleMaps-ARM64.app */ = {isa = PBXFileReference; explicitFileType = wrapper.application; includeInIndex = 0; path = "GoogleMaps-ARM64.app"; sourceTree = BUILT_PRODUCTS_DIR; };
		27309D52265EE8A00028A989 /* AppDelegate.swift */ = {isa = PBXFileReference; lastKnownFileType = sourcecode.swift; path = AppDelegate.swift; sourceTree = "<group>"; };
		27309D54265EE8A00028A989 /* SceneDelegate.swift */ = {isa = PBXFileReference; lastKnownFileType = sourcecode.swift; path = SceneDelegate.swift; sourceTree = "<group>"; };
		27309D56265EE8A00028A989 /* ViewController.swift */ = {isa = PBXFileReference; lastKnownFileType = sourcecode.swift; path = ViewController.swift; sourceTree = "<group>"; };
		27309D59265EE8A00028A989 /* Base */ = {isa = PBXFileReference; lastKnownFileType = file.storyboard; name = Base; path = Base.lproj/Main.storyboard; sourceTree = "<group>"; };
		27309D5B265EE8A10028A989 /* Assets.xcassets */ = {isa = PBXFileReference; lastKnownFileType = folder.assetcatalog; path = Assets.xcassets; sourceTree = "<group>"; };
		27309D5E265EE8A10028A989 /* Base */ = {isa = PBXFileReference; lastKnownFileType = file.storyboard; name = Base; path = Base.lproj/LaunchScreen.storyboard; sourceTree = "<group>"; };
		27309D60265EE8A10028A989 /* Info.plist */ = {isa = PBXFileReference; lastKnownFileType = text.plist.xml; path = Info.plist; sourceTree = "<group>"; };
		27309D66265EEC0F0028A989 /* GoogleMapsBase.framework */ = {isa = PBXFileReference; lastKnownFileType = wrapper.framework; path = GoogleMapsBase.framework; sourceTree = "<group>"; };
		27309D68265EEC140028A989 /* GoogleMaps.framework */ = {isa = PBXFileReference; lastKnownFileType = wrapper.framework; path = GoogleMaps.framework; sourceTree = "<group>"; };
		27309D6A265EEC1A0028A989 /* GoogleMapsCore.framework */ = {isa = PBXFileReference; lastKnownFileType = wrapper.framework; path = GoogleMapsCore.framework; sourceTree = "<group>"; };
		27309D6C265EEC2A0028A989 /* GoogleMaps.bundle */ = {isa = PBXFileReference; lastKnownFileType = "wrapper.plug-in"; name = GoogleMaps.bundle; path = GoogleMaps.framework/Resources/GoogleMaps.bundle; sourceTree = "<group>"; };
		27309D6F265EEC570028A989 /* libc++.tbd */ = {isa = PBXFileReference; lastKnownFileType = "sourcecode.text-based-dylib-definition"; name = "libc++.tbd"; path = "usr/lib/libc++.tbd"; sourceTree = SDKROOT; };
		27309D71265EEC5E0028A989 /* libz.tbd */ = {isa = PBXFileReference; lastKnownFileType = "sourcecode.text-based-dylib-definition"; name = libz.tbd; path = usr/lib/libz.tbd; sourceTree = SDKROOT; };
		27309D73265EEC980028A989 /* SystemConfiguration.framework */ = {isa = PBXFileReference; lastKnownFileType = wrapper.framework; name = SystemConfiguration.framework; path = System/Library/Frameworks/SystemConfiguration.framework; sourceTree = SDKROOT; };
		27309D75265EECBD0028A989 /* CoreLocation.framework */ = {isa = PBXFileReference; lastKnownFileType = wrapper.framework; name = CoreLocation.framework; path = System/Library/Frameworks/CoreLocation.framework; sourceTree = SDKROOT; };
		27309D77265EECC30028A989 /* CoreTelephony.framework */ = {isa = PBXFileReference; lastKnownFileType = wrapper.framework; name = CoreTelephony.framework; path = System/Library/Frameworks/CoreTelephony.framework; sourceTree = SDKROOT; };
		27309D79265EECD80028A989 /* CoreData.framework */ = {isa = PBXFileReference; lastKnownFileType = wrapper.framework; name = CoreData.framework; path = System/Library/Frameworks/CoreData.framework; sourceTree = SDKROOT; };
/* End PBXFileReference section */

/* Begin PBXFrameworksBuildPhase section */
		27309D4C265EE8A00028A989 /* Frameworks */ = {
			isa = PBXFrameworksBuildPhase;
			buildActionMask = 2147483647;
			files = (
				27309D7A265EECD80028A989 /* CoreData.framework in Frameworks */,
				27309D78265EECC30028A989 /* CoreTelephony.framework in Frameworks */,
				27309D76265EECBD0028A989 /* CoreLocation.framework in Frameworks */,
				27309D74265EEC980028A989 /* SystemConfiguration.framework in Frameworks */,
				27309D72265EEC5E0028A989 /* libz.tbd in Frameworks */,
				27309D70265EEC570028A989 /* libc++.tbd in Frameworks */,
				27309D69265EEC140028A989 /* GoogleMaps.framework in Frameworks */,
				27309D6B265EEC1A0028A989 /* GoogleMapsCore.framework in Frameworks */,
				27309D67265EEC0F0028A989 /* GoogleMapsBase.framework in Frameworks */,
			);
			runOnlyForDeploymentPostprocessing = 0;
		};
/* End PBXFrameworksBuildPhase section */

/* Begin PBXGroup section */
		27309D46265EE8A00028A989 = {
			isa = PBXGroup;
			children = (
				27309D66265EEC0F0028A989 /* GoogleMapsBase.framework */,
				27309D68265EEC140028A989 /* GoogleMaps.framework */,
				27309D6A265EEC1A0028A989 /* GoogleMapsCore.framework */,
				27309D6C265EEC2A0028A989 /* GoogleMaps.bundle */,
				27309D51265EE8A00028A989 /* GoogleMaps-ARM64 */,
				27309D50265EE8A00028A989 /* Products */,
				27309D6E265EEC570028A989 /* Frameworks */,
			);
			sourceTree = "<group>";
		};
		27309D50265EE8A00028A989 /* Products */ = {
			isa = PBXGroup;
			children = (
				27309D4F265EE8A00028A989 /* GoogleMaps-ARM64.app */,
			);
			name = Products;
			sourceTree = "<group>";
		};
		27309D51265EE8A00028A989 /* GoogleMaps-ARM64 */ = {
			isa = PBXGroup;
			children = (
				27309D52265EE8A00028A989 /* AppDelegate.swift */,
				27309D54265EE8A00028A989 /* SceneDelegate.swift */,
				27309D56265EE8A00028A989 /* ViewController.swift */,
				27309D58265EE8A00028A989 /* Main.storyboard */,
				27309D5B265EE8A10028A989 /* Assets.xcassets */,
				27309D5D265EE8A10028A989 /* LaunchScreen.storyboard */,
				27309D60265EE8A10028A989 /* Info.plist */,
			);
			path = "GoogleMaps-ARM64";
			sourceTree = "<group>";
		};
		27309D6E265EEC570028A989 /* Frameworks */ = {
			isa = PBXGroup;
			children = (
				27309D79265EECD80028A989 /* CoreData.framework */,
				27309D77265EECC30028A989 /* CoreTelephony.framework */,
				27309D75265EECBD0028A989 /* CoreLocation.framework */,
				27309D73265EEC980028A989 /* SystemConfiguration.framework */,
				27309D71265EEC5E0028A989 /* libz.tbd */,
				27309D6F265EEC570028A989 /* libc++.tbd */,
			);
			name = Frameworks;
			sourceTree = "<group>";
		};
/* End PBXGroup section */

/* Begin PBXNativeTarget section */
		27309D4E265EE8A00028A989 /* GoogleMaps-ARM64 */ = {
			isa = PBXNativeTarget;
			buildConfigurationList = 27309D63265EE8A10028A989 /* Build configuration list for PBXNativeTarget "GoogleMaps-ARM64" */;
			buildPhases = (
				27309D4B265EE8A00028A989 /* Sources */,
				27309D4C265EE8A00028A989 /* Frameworks */,
				27309D4D265EE8A00028A989 /* Resources */,
			);
			buildRules = (
			);
			dependencies = (
			);
			name = "GoogleMaps-ARM64";
			productName = "GoogleMaps-ARM64";
			productReference = 27309D4F265EE8A00028A989 /* GoogleMaps-ARM64.app */;
			productType = "com.apple.product-type.application";
		};
/* End PBXNativeTarget section */

/* Begin PBXProject section */
		27309D47265EE8A00028A989 /* Project object */ = {
			isa = PBXProject;
			attributes = {
				LastSwiftUpdateCheck = 1250;
				LastUpgradeCheck = 1250;
				TargetAttributes = {
					27309D4E265EE8A00028A989 = {
						CreatedOnToolsVersion = 12.5;
					};
				};
			};
			buildConfigurationList = 27309D4A265EE8A00028A989 /* Build configuration list for PBXProject "GoogleMaps-ARM64" */;
			compatibilityVersion = "Xcode 9.3";
			developmentRegion = en;
			hasScannedForEncodings = 0;
			knownRegions = (
				en,
				Base,
			);
			mainGroup = 27309D46265EE8A00028A989;
			productRefGroup = 27309D50265EE8A00028A989 /* Products */;
			projectDirPath = "";
			projectRoot = "";
			targets = (
				27309D4E265EE8A00028A989 /* GoogleMaps-ARM64 */,
			);
		};
/* End PBXProject section */

/* Begin PBXResourcesBuildPhase section */
		27309D4D265EE8A00028A989 /* Resources */ = {
			isa = PBXResourcesBuildPhase;
			buildActionMask = 2147483647;
			files = (
				27309D5F265EE8A10028A989 /* LaunchScreen.storyboard in Resources */,
				27309D5C265EE8A10028A989 /* Assets.xcassets in Resources */,
				27309D5A265EE8A00028A989 /* Main.storyboard in Resources */,
				27309D6D265EEC2A0028A989 /* GoogleMaps.bundle in Resources */,
			);
			runOnlyForDeploymentPostprocessing = 0;
		};
/* End PBXResourcesBuildPhase section */

/* Begin PBXSourcesBuildPhase section */
		27309D4B265EE8A00028A989 /* Sources */ = {
			isa = PBXSourcesBuildPhase;
			buildActionMask = 2147483647;
			files = (
				27309D57265EE8A00028A989 /* ViewController.swift in Sources */,
				27309D53265EE8A00028A989 /* AppDelegate.swift in Sources */,
				27309D55265EE8A00028A989 /* SceneDelegate.swift in Sources */,
			);
			runOnlyForDeploymentPostprocessing = 0;
		};
/* End PBXSourcesBuildPhase section */

/* Begin PBXVariantGroup section */
		27309D58265EE8A00028A989 /* Main.storyboard */ = {
			isa = PBXVariantGroup;
			children = (
				27309D59265EE8A00028A989 /* Base */,
			);
			name = Main.storyboard;
			sourceTree = "<group>";
		};
		27309D5D265EE8A10028A989 /* LaunchScreen.storyboard */ = {
			isa = PBXVariantGroup;
			children = (
				27309D5E265EE8A10028A989 /* Base */,
			);
			name = LaunchScreen.storyboard;
			sourceTree = "<group>";
		};
/* End PBXVariantGroup section */

/* Begin XCBuildConfiguration section */
		27309D61265EE8A10028A989 /* Debug */ = {
			isa = XCBuildConfiguration;
			buildSettings = {
				ALWAYS_SEARCH_USER_PATHS = NO;
				CLANG_ANALYZER_NONNULL = YES;
				CLANG_ANALYZER_NUMBER_OBJECT_CONVERSION = YES_AGGRESSIVE;
				CLANG_CXX_LANGUAGE_STANDARD = "gnu++14";
				CLANG_CXX_LIBRARY = "libc++";
				CLANG_ENABLE_MODULES = YES;
				CLANG_ENABLE_OBJC_ARC = YES;
				CLANG_ENABLE_OBJC_WEAK = YES;
				CLANG_WARN_BLOCK_CAPTURE_AUTORELEASING = YES;
				CLANG_WARN_BOOL_CONVERSION = YES;
				CLANG_WARN_COMMA = YES;
				CLANG_WARN_CONSTANT_CONVERSION = YES;
				CLANG_WARN_DEPRECATED_OBJC_IMPLEMENTATIONS = YES;
				CLANG_WARN_DIRECT_OBJC_ISA_USAGE = YES_ERROR;
				CLANG_WARN_DOCUMENTATION_COMMENTS = YES;
				CLANG_WARN_EMPTY_BODY = YES;
				CLANG_WARN_ENUM_CONVERSION = YES;
				CLANG_WARN_INFINITE_RECURSION = YES;
				CLANG_WARN_INT_CONVERSION = YES;
				CLANG_WARN_NON_LITERAL_NULL_CONVERSION = YES;
				CLANG_WARN_OBJC_IMPLICIT_RETAIN_SELF = YES;
				CLANG_WARN_OBJC_LITERAL_CONVERSION = YES;
				CLANG_WARN_OBJC_ROOT_CLASS = YES_ERROR;
				CLANG_WARN_QUOTED_INCLUDE_IN_FRAMEWORK_HEADER = YES;
				CLANG_WARN_RANGE_LOOP_ANALYSIS = YES;
				CLANG_WARN_STRICT_PROTOTYPES = YES;
				CLANG_WARN_SUSPICIOUS_MOVE = YES;
				CLANG_WARN_UNGUARDED_AVAILABILITY = YES_AGGRESSIVE;
				CLANG_WARN_UNREACHABLE_CODE = YES;
				CLANG_WARN__DUPLICATE_METHOD_MATCH = YES;
				COPY_PHASE_STRIP = NO;
				DEBUG_INFORMATION_FORMAT = dwarf;
				ENABLE_STRICT_OBJC_MSGSEND = YES;
				ENABLE_TESTABILITY = YES;
				GCC_C_LANGUAGE_STANDARD = gnu11;
				GCC_DYNAMIC_NO_PIC = NO;
				GCC_NO_COMMON_BLOCKS = YES;
				GCC_OPTIMIZATION_LEVEL = 0;
				GCC_PREPROCESSOR_DEFINITIONS = (
					"DEBUG=1",
					"$(inherited)",
				);
				GCC_WARN_64_TO_32_BIT_CONVERSION = YES;
				GCC_WARN_ABOUT_RETURN_TYPE = YES_ERROR;
				GCC_WARN_UNDECLARED_SELECTOR = YES;
				GCC_WARN_UNINITIALIZED_AUTOS = YES_AGGRESSIVE;
				GCC_WARN_UNUSED_FUNCTION = YES;
				GCC_WARN_UNUSED_VARIABLE = YES;
				IPHONEOS_DEPLOYMENT_TARGET = 14.5;
				MTL_ENABLE_DEBUG_INFO = INCLUDE_SOURCE;
				MTL_FAST_MATH = YES;
				ONLY_ACTIVE_ARCH = YES;
				OTHER_LDFLAGS = "-ObjC";
				SDKROOT = iphoneos;
				SWIFT_ACTIVE_COMPILATION_CONDITIONS = DEBUG;
				SWIFT_OPTIMIZATION_LEVEL = "-Onone";
			};
			name = Debug;
		};
		27309D62265EE8A10028A989 /* Release */ = {
			isa = XCBuildConfiguration;
			buildSettings = {
				ALWAYS_SEARCH_USER_PATHS = NO;
				CLANG_ANALYZER_NONNULL = YES;
				CLANG_ANALYZER_NUMBER_OBJECT_CONVERSION = YES_AGGRESSIVE;
				CLANG_CXX_LANGUAGE_STANDARD = "gnu++14";
				CLANG_CXX_LIBRARY = "libc++";
				CLANG_ENABLE_MODULES = YES;
				CLANG_ENABLE_OBJC_ARC = YES;
				CLANG_ENABLE_OBJC_WEAK = YES;
				CLANG_WARN_BLOCK_CAPTURE_AUTORELEASING = YES;
				CLANG_WARN_BOOL_CONVERSION = YES;
				CLANG_WARN_COMMA = YES;
				CLANG_WARN_CONSTANT_CONVERSION = YES;
				CLANG_WARN_DEPRECATED_OBJC_IMPLEMENTATIONS = YES;
				CLANG_WARN_DIRECT_OBJC_ISA_USAGE = YES_ERROR;
				CLANG_WARN_DOCUMENTATION_COMMENTS = YES;
				CLANG_WARN_EMPTY_BODY = YES;
				CLANG_WARN_ENUM_CONVERSION = YES;
				CLANG_WARN_INFINITE_RECURSION = YES;
				CLANG_WARN_INT_CONVERSION = YES;
				CLANG_WARN_NON_LITERAL_NULL_CONVERSION = YES;
				CLANG_WARN_OBJC_IMPLICIT_RETAIN_SELF = YES;
				CLANG_WARN_OBJC_LITERAL_CONVERSION = YES;
				CLANG_WARN_OBJC_ROOT_CLASS = YES_ERROR;
				CLANG_WARN_QUOTED_INCLUDE_IN_FRAMEWORK_HEADER = YES;
				CLANG_WARN_RANGE_LOOP_ANALYSIS = YES;
				CLANG_WARN_STRICT_PROTOTYPES = YES;
				CLANG_WARN_SUSPICIOUS_MOVE = YES;
				CLANG_WARN_UNGUARDED_AVAILABILITY = YES_AGGRESSIVE;
				CLANG_WARN_UNREACHABLE_CODE = YES;
				CLANG_WARN__DUPLICATE_METHOD_MATCH = YES;
				COPY_PHASE_STRIP = NO;
				DEBUG_INFORMATION_FORMAT = "dwarf-with-dsym";
				ENABLE_NS_ASSERTIONS = NO;
				ENABLE_STRICT_OBJC_MSGSEND = YES;
				GCC_C_LANGUAGE_STANDARD = gnu11;
				GCC_NO_COMMON_BLOCKS = YES;
				GCC_WARN_64_TO_32_BIT_CONVERSION = YES;
				GCC_WARN_ABOUT_RETURN_TYPE = YES_ERROR;
				GCC_WARN_UNDECLARED_SELECTOR = YES;
				GCC_WARN_UNINITIALIZED_AUTOS = YES_AGGRESSIVE;
				GCC_WARN_UNUSED_FUNCTION = YES;
				GCC_WARN_UNUSED_VARIABLE = YES;
				IPHONEOS_DEPLOYMENT_TARGET = 14.5;
				MTL_ENABLE_DEBUG_INFO = NO;
				MTL_FAST_MATH = YES;
				OTHER_LDFLAGS = "-ObjC";
				SDKROOT = iphoneos;
				SWIFT_COMPILATION_MODE = wholemodule;
				SWIFT_OPTIMIZATION_LEVEL = "-O";
				VALIDATE_PRODUCT = YES;
			};
			name = Release;
		};
		27309D64265EE8A10028A989 /* Debug */ = {
			isa = XCBuildConfiguration;
			buildSettings = {
				ASSETCATALOG_COMPILER_APPICON_NAME = AppIcon;
				ASSETCATALOG_COMPILER_GLOBAL_ACCENT_COLOR_NAME = AccentColor;
				CODE_SIGN_STYLE = Automatic;
				FRAMEWORK_SEARCH_PATHS = (
					"$(inherited)",
					"$(PROJECT_DIR)",
				);
				INFOPLIST_FILE = "GoogleMaps-ARM64/Info.plist";
				IPHONEOS_DEPLOYMENT_TARGET = 13.0;
				LD_RUNPATH_SEARCH_PATHS = (
					"$(inherited)",
					"@executable_path/Frameworks",
				);
				OTHER_LDFLAGS = "";
				PRODUCT_BUNDLE_IDENTIFIER = "test.GoogleMaps-ARM64";
				PRODUCT_NAME = "$(TARGET_NAME)";
				SWIFT_VERSION = 5.0;
				TARGETED_DEVICE_FAMILY = "1,2";
			};
			name = Debug;
		};
		27309D65265EE8A10028A989 /* Release */ = {
			isa = XCBuildConfiguration;
			buildSettings = {
				ASSETCATALOG_COMPILER_APPICON_NAME = AppIcon;
				ASSETCATALOG_COMPILER_GLOBAL_ACCENT_COLOR_NAME = AccentColor;
				CODE_SIGN_STYLE = Automatic;
				FRAMEWORK_SEARCH_PATHS = (
					"$(inherited)",
					"$(PROJECT_DIR)",
				);
				INFOPLIST_FILE = "GoogleMaps-ARM64/Info.plist";
				IPHONEOS_DEPLOYMENT_TARGET = 13.0;
				LD_RUNPATH_SEARCH_PATHS = (
					"$(inherited)",
					"@executable_path/Frameworks",
				);
				OTHER_LDFLAGS = "";
				PRODUCT_BUNDLE_IDENTIFIER = "test.GoogleMaps-ARM64";
				PRODUCT_NAME = "$(TARGET_NAME)";
				SWIFT_VERSION = 5.0;
				TARGETED_DEVICE_FAMILY = "1,2";
			};
			name = Release;
		};
/* End XCBuildConfiguration section */

/* Begin XCConfigurationList section */
		27309D4A265EE8A00028A989 /* Build configuration list for PBXProject "GoogleMaps-ARM64" */ = {
			isa = XCConfigurationList;
			buildConfigurations = (
				27309D61265EE8A10028A989 /* Debug */,
				27309D62265EE8A10028A989 /* Release */,
			);
			defaultConfigurationIsVisible = 0;
			defaultConfigurationName = Release;
		};
		27309D63265EE8A10028A989 /* Build configuration list for PBXNativeTarget "GoogleMaps-ARM64" */ = {
			isa = XCConfigurationList;
			buildConfigurations = (
				27309D64265EE8A10028A989 /* Debug */,
				27309D65265EE8A10028A989 /* Release */,
			);
			defaultConfigurationIsVisible = 0;
			defaultConfigurationName = Release;
		};
/* End XCConfigurationList section */
	};
	rootObject = 27309D47265EE8A00028A989 /* Project object */;
}
